
Microsoft Visual Studio Solution File, Format Version 12.00
# Visual Studio Version 16
VisualStudioVersion = 16.0.29001.49
MinimumVisualStudioVersion = 10.0.40219.1
Project("{FAE04EC0-301F-11D3-BF4B-00C04F79EFBC}") = "Notes.Android", "Notes\Notes.Android\Notes.Android.csproj", "{FD7896D3-738A-4F57-9FD8-223C83AFC524}"
EndProject
Project("{FAE04EC0-301F-11D3-BF4B-00C04F79EFBC}") = "Notes", "Notes\Notes\Notes.csproj", "{E71533AF-C45E-4844-AA83-641E59659E6A}"
EndProject
Global
	GlobalSection(SolutionConfigurationPlatforms) = preSolution
		Debug|Any CPU = Debug|Any CPU
		Release|Any CPU = Release|Any CPU
	EndGlobalSection
	GlobalSection(ProjectConfigurationPlatforms) = postSolution
		{FD7896D3-738A-4F57-9FD8-223C83AFC524}.Debug|Any CPU.ActiveCfg = Debug|Any CPU
		{FD7896D3-738A-4F57-9FD8-223C83AFC524}.Debug|Any CPU.Build.0 = Debug|Any CPU
		{FD7896D3-738A-4F57-9FD8-223C83AFC524}.Debug|Any CPU.Deploy.0 = Debug|Any CPU
		{FD7896D3-738A-4F57-9FD8-223C83AFC524}.Release|Any CPU.ActiveCfg = Release|Any CPU
		{FD7896D3-738A-4F57-9FD8-223C83AFC524}.Release|Any CPU.Build.0 = Release|Any CPU
		{FD7896D3-738A-4F57-9FD8-223C83AFC524}.Release|Any CPU.Deploy.0 = Release|Any CPU
		{E71533AF-C45E-4844-AA83-641E59659E6A}.Debug|Any CPU.ActiveCfg = Debug|Any CPU
		{E71533AF-C45E-4844-AA83-641E59659E6A}.Debug|Any CPU.Build.0 = Debug|Any CPU
		{E71533AF-C45E-4844-AA83-641E59659E6A}.Debug|Any CPU.Deploy.0 = Debug|Any CPU
		{E71533AF-C45E-4844-AA83-641E59659E6A}.Release|Any CPU.ActiveCfg = Release|Any CPU
		{E71533AF-C45E-4844-AA83-641E59659E6A}.Release|Any CPU.Build.0 = Release|Any CPU
		{E71533AF-C45E-4844-AA83-641E59659E6A}.Release|Any CPU.Deploy.0 = Release|Any CPU
	EndGlobalSection
	GlobalSection(SolutionProperties) = preSolution
		HideSolutionNode = FALSE
	EndGlobalSection
	GlobalSection(ExtensibilityGlobals) = postSolution
		SolutionGuid = {39C20ED2-5B14-455E-A229-1D436403A3F9}
	EndGlobalSection
EndGlobal
